// !$*UTF8*$!
{
	archiveVersion = 1;
	classes = {
	};
	objectVersion = 50;
	objects = {

/* Begin PBXBuildFile section */
		64F7504521AF91A200CF2A9A /* AppDelegate.swift in Sources */ = {isa = PBXBuildFile; fileRef = 64F7504421AF91A200CF2A9A /* AppDelegate.swift */; };
		64F7504721AF91A200CF2A9A /* GameScene.sks in Resources */ = {isa = PBXBuildFile; fileRef = 64F7504621AF91A200CF2A9A /* GameScene.sks */; };
		64F7504B21AF91A200CF2A9A /* GameScene.swift in Sources */ = {isa = PBXBuildFile; fileRef = 64F7504A21AF91A200CF2A9A /* GameScene.swift */; };
		64F7504D21AF91A200CF2A9A /* GameViewController.swift in Sources */ = {isa = PBXBuildFile; fileRef = 64F7504C21AF91A200CF2A9A /* GameViewController.swift */; };
		64F7505021AF91A200CF2A9A /* Main.storyboard in Resources */ = {isa = PBXBuildFile; fileRef = 64F7504E21AF91A200CF2A9A /* Main.storyboard */; };
		64F7505221AF91A300CF2A9A /* Assets.xcassets in Resources */ = {isa = PBXBuildFile; fileRef = 64F7505121AF91A300CF2A9A /* Assets.xcassets */; };
		64F7505521AF91A300CF2A9A /* LaunchScreen.storyboard in Resources */ = {isa = PBXBuildFile; fileRef = 64F7505321AF91A300CF2A9A /* LaunchScreen.storyboard */; };
/* End PBXBuildFile section */

/* Begin PBXFileReference section */
		64F7504121AF91A200CF2A9A /* SpriteKit_PhysicsBounds.app */ = {isa = PBXFileReference; explicitFileType = wrapper.application; includeInIndex = 0; path = SpriteKit_PhysicsBounds.app; sourceTree = BUILT_PRODUCTS_DIR; };
		64F7504421AF91A200CF2A9A /* AppDelegate.swift */ = {isa = PBXFileReference; lastKnownFileType = sourcecode.swift; path = AppDelegate.swift; sourceTree = "<group>"; };
		64F7504621AF91A200CF2A9A /* GameScene.sks */ = {isa = PBXFileReference; lastKnownFileType = file.sks; path = GameScene.sks; sourceTree = "<group>"; };
		64F7504A21AF91A200CF2A9A /* GameScene.swift */ = {isa = PBXFileReference; lastKnownFileType = sourcecode.swift; path = GameScene.swift; sourceTree = "<group>"; };
		64F7504C21AF91A200CF2A9A /* GameViewController.swift */ = {isa = PBXFileReference; lastKnownFileType = sourcecode.swift; path = GameViewController.swift; sourceTree = "<group>"; };
		64F7504F21AF91A200CF2A9A /* Base */ = {isa = PBXFileReference; lastKnownFileType = file.storyboard; name = Base; path = Base.lproj/Main.storyboard; sourceTree = "<group>"; };
		64F7505121AF91A300CF2A9A /* Assets.xcassets */ = {isa = PBXFileReference; lastKnownFileType = folder.assetcatalog; path = Assets.xcassets; sourceTree = "<group>"; };
		64F7505421AF91A300CF2A9A /* Base */ = {isa = PBXFileReference; lastKnownFileType = file.storyboard; name = Base; path = Base.lproj/LaunchScreen.storyboard; sourceTree = "<group>"; };
		64F7505621AF91A300CF2A9A /* Info.plist */ = {isa = PBXFileReference; lastKnownFileType = text.plist.xml; path = Info.plist; sourceTree = "<group>"; };
/* End PBXFileReference section */

/* Begin PBXFrameworksBuildPhase section */
		64F7503E21AF91A200CF2A9A /* Frameworks */ = {
			isa = PBXFrameworksBuildPhase;
			buildActionMask = 2147483647;
			files = (
			);
			runOnlyForDeploymentPostprocessing = 0;
		};
/* End PBXFrameworksBuildPhase section */

/* Begin PBXGroup section */
		64F7503821AF91A200CF2A9A = {
			isa = PBXGroup;
			children = (
				64F7504321AF91A200CF2A9A /* SpriteKit_PhysicsBounds */,
				64F7504221AF91A200CF2A9A /* Products */,
			);
			sourceTree = "<group>";
		};
		64F7504221AF91A200CF2A9A /* Products */ = {
			isa = PBXGroup;
			children = (
				64F7504121AF91A200CF2A9A /* SpriteKit_PhysicsBounds.app */,
			);
			name = Products;
			sourceTree = "<group>";
		};
		64F7504321AF91A200CF2A9A /* SpriteKit_PhysicsBounds */ = {
			isa = PBXGroup;
			children = (
				64F7506021AF930A00CF2A9A /* Setting */,
				64F7505F21AF92FA00CF2A9A /* Material */,
				64F7505D21AF91EF00CF2A9A /* ViewController */,
				64F7505C21AF91BB00CF2A9A /* Storyboard */,
				64F7504421AF91A200CF2A9A /* AppDelegate.swift */,
			);
			path = SpriteKit_PhysicsBounds;
			sourceTree = "<group>";
		};
		64F7505C21AF91BB00CF2A9A /* Storyboard */ = {
			isa = PBXGroup;
			children = (
				64F7505321AF91A300CF2A9A /* LaunchScreen.storyboard */,
				64F7504E21AF91A200CF2A9A /* Main.storyboard */,
			);
			path = Storyboard;
			sourceTree = "<group>";
		};
		64F7505D21AF91EF00CF2A9A /* ViewController */ = {
			isa = PBXGroup;
			children = (
				64F7505E21AF91FD00CF2A9A /* Scene */,
				64F7504C21AF91A200CF2A9A /* GameViewController.swift */,
			);
			path = ViewController;
			sourceTree = "<group>";
		};
		64F7505E21AF91FD00CF2A9A /* Scene */ = {
			isa = PBXGroup;
			children = (
				64F7504621AF91A200CF2A9A /* GameScene.sks */,
				64F7504A21AF91A200CF2A9A /* GameScene.swift */,
			);
			path = Scene;
			sourceTree = "<group>";
		};
		64F7505F21AF92FA00CF2A9A /* Material */ = {
			isa = PBXGroup;
			children = (
				64F7505121AF91A300CF2A9A /* Assets.xcassets */,
			);
			path = Material;
			sourceTree = "<group>";
		};
		64F7506021AF930A00CF2A9A /* Setting */ = {
			isa = PBXGroup;
			children = (
				64F7505621AF91A300CF2A9A /* Info.plist */,
			);
			name = Setting;
			sourceTree = "<group>";
		};
/* End PBXGroup section */

/* Begin PBXNativeTarget section */
		64F7504021AF91A200CF2A9A /* SpriteKit_PhysicsBounds */ = {
			isa = PBXNativeTarget;
			buildConfigurationList = 64F7505921AF91A300CF2A9A /* Build configuration list for PBXNativeTarget "SpriteKit_PhysicsBounds" */;
			buildPhases = (
				64F7503D21AF91A200CF2A9A /* Sources */,
				64F7503E21AF91A200CF2A9A /* Frameworks */,
				64F7503F21AF91A200CF2A9A /* Resources */,
			);
			buildRules = (
			);
			dependencies = (
			);
			name = SpriteKit_PhysicsBounds;
			productName = SpriteKit_PhysicsBounds;
			productReference = 64F7504121AF91A200CF2A9A /* SpriteKit_PhysicsBounds.app */;
			productType = "com.apple.product-type.application";
		};
/* End PBXNativeTarget section */

/* Begin PBXProject section */
		64F7503921AF91A200CF2A9A /* Project object */ = {
			isa = PBXProject;
			attributes = {
				LastSwiftUpdateCheck = 1010;
				LastUpgradeCheck = 1010;
				ORGANIZATIONNAME = "IIT-翁禹斌(William.Weng)";
				TargetAttributes = {
					64F7504021AF91A200CF2A9A = {
						CreatedOnToolsVersion = 10.1;
					};
				};
			};
			buildConfigurationList = 64F7503C21AF91A200CF2A9A /* Build configuration list for PBXProject "SpriteKit_PhysicsBounds" */;
			compatibilityVersion = "Xcode 9.3";
			developmentRegion = en;
			hasScannedForEncodings = 0;
			knownRegions = (
				en,
				Base,
			);
			mainGroup = 64F7503821AF91A200CF2A9A;
			productRefGroup = 64F7504221AF91A200CF2A9A /* Products */;
			projectDirPath = "";
			projectRoot = "";
			targets = (
				64F7504021AF91A200CF2A9A /* SpriteKit_PhysicsBounds */,
			);
		};
/* End PBXProject section */

/* Begin PBXResourcesBuildPhase section */
		64F7503F21AF91A200CF2A9A /* Resources */ = {
			isa = PBXResourcesBuildPhase;
			buildActionMask = 2147483647;
			files = (
				64F7505021AF91A200CF2A9A /* Main.storyboard in Resources */,
				64F7504721AF91A200CF2A9A /* GameScene.sks in Resources */,
				64F7505221AF91A300CF2A9A /* Assets.xcassets in Resources */,
				64F7505521AF91A300CF2A9A /* LaunchScreen.storyboard in Resources */,
			);
			runOnlyForDeploymentPostprocessing = 0;
		};
/* End PBXResourcesBuildPhase section */

/* Begin PBXSourcesBuildPhase section */
		64F7503D21AF91A200CF2A9A /* Sources */ = {
			isa = PBXSourcesBuildPhase;
			buildActionMask = 2147483647;
			files = (
				64F7504B21AF91A200CF2A9A /* GameScene.swift in Sources */,
				64F7504D21AF91A200CF2A9A /* GameViewController.swift in Sources */,
				64F7504521AF91A200CF2A9A /* AppDelegate.swift in Sources */,
			);
			runOnlyForDeploymentPostprocessing = 0;
		};
/* End PBXSourcesBuildPhase section */

/* Begin PBXVariantGroup section */
		64F7504E21AF91A200CF2A9A /* Main.storyboard */ = {
			isa = PBXVariantGroup;
			children = (
				64F7504F21AF91A200CF2A9A /* Base */,
			);
			name = Main.storyboard;
			sourceTree = "<group>";
		};
		64F7505321AF91A300CF2A9A /* LaunchScreen.storyboard */ = {
			isa = PBXVariantGroup;
			children = (
				64F7505421AF91A300CF2A9A /* Base */,
			);
			name = LaunchScreen.storyboard;
			sourceTree = "<group>";
		};
/* End PBXVariantGroup section */

/* Begin XCBuildConfiguration section */
		64F7505721AF91A300CF2A9A /* Debug */ = {
			isa = XCBuildConfiguration;
			buildSettings = {
				ALWAYS_SEARCH_USER_PATHS = NO;
				CLANG_ANALYZER_NONNULL = YES;
				CLANG_ANALYZER_NUMBER_OBJECT_CONVERSION = YES_AGGRESSIVE;
				CLANG_CXX_LANGUAGE_STANDARD = "gnu++14";
				CLANG_CXX_LIBRARY = "libc++";
				CLANG_ENABLE_MODULES = YES;
				CLANG_ENABLE_OBJC_ARC = YES;
				CLANG_ENABLE_OBJC_WEAK = YES;
				CLANG_WARN_BLOCK_CAPTURE_AUTORELEASING = YES;
				CLANG_WARN_BOOL_CONVERSION = YES;
				CLANG_WARN_COMMA = YES;
				CLANG_WARN_CONSTANT_CONVERSION = YES;
				CLANG_WARN_DEPRECATED_OBJC_IMPLEMENTATIONS = YES;
				CLANG_WARN_DIRECT_OBJC_ISA_USAGE = YES_ERROR;
				CLANG_WARN_DOCUMENTATION_COMMENTS = YES;
				CLANG_WARN_EMPTY_BODY = YES;
				CLANG_WARN_ENUM_CONVERSION = YES;
				CLANG_WARN_INFINITE_RECURSION = YES;
				CLANG_WARN_INT_CONVERSION = YES;
				CLANG_WARN_NON_LITERAL_NULL_CONVERSION = YES;
				CLANG_WARN_OBJC_IMPLICIT_RETAIN_SELF = YES;
				CLANG_WARN_OBJC_LITERAL_CONVERSION = YES;
				CLANG_WARN_OBJC_ROOT_CLASS = YES_ERROR;
				CLANG_WARN_RANGE_LOOP_ANALYSIS = YES;
				CLANG_WARN_STRICT_PROTOTYPES = YES;
				CLANG_WARN_SUSPICIOUS_MOVE = YES;
				CLANG_WARN_UNGUARDED_AVAILABILITY = YES_AGGRESSIVE;
				CLANG_WARN_UNREACHABLE_CODE = YES;
				CLANG_WARN__DUPLICATE_METHOD_MATCH = YES;
				CODE_SIGN_IDENTITY = "iPhone Developer";
				COPY_PHASE_STRIP = NO;
				DEBUG_INFORMATION_FORMAT = dwarf;
				ENABLE_STRICT_OBJC_MSGSEND = YES;
				ENABLE_TESTABILITY = YES;
				GCC_C_LANGUAGE_STANDARD = gnu11;
				GCC_DYNAMIC_NO_PIC = NO;
				GCC_NO_COMMON_BLOCKS = YES;
				GCC_OPTIMIZATION_LEVEL = 0;
				GCC_PREPROCESSOR_DEFINITIONS = (
					"DEBUG=1",
					"$(inherited)",
				);
				GCC_WARN_64_TO_32_BIT_CONVERSION = YES;
				GCC_WARN_ABOUT_RETURN_TYPE = YES_ERROR;
				GCC_WARN_UNDECLARED_SELECTOR = YES;
				GCC_WARN_UNINITIALIZED_AUTOS = YES_AGGRESSIVE;
				GCC_WARN_UNUSED_FUNCTION = YES;
				GCC_WARN_UNUSED_VARIABLE = YES;
				IPHONEOS_DEPLOYMENT_TARGET = 12.1;
				MTL_ENABLE_DEBUG_INFO = INCLUDE_SOURCE;
				MTL_FAST_MATH = YES;
				ONLY_ACTIVE_ARCH = YES;
				SDKROOT = iphoneos;
				SWIFT_ACTIVE_COMPILATION_CONDITIONS = DEBUG;
				SWIFT_OPTIMIZATION_LEVEL = "-Onone";
			};
			name = Debug;
		};
		64F7505821AF91A300CF2A9A /* Release */ = {
			isa = XCBuildConfiguration;
			buildSettings = {
				ALWAYS_SEARCH_USER_PATHS = NO;
				CLANG_ANALYZER_NONNULL = YES;
				CLANG_ANALYZER_NUMBER_OBJECT_CONVERSION = YES_AGGRESSIVE;
				CLANG_CXX_LANGUAGE_STANDARD = "gnu++14";
				CLANG_CXX_LIBRARY = "libc++";
				CLANG_ENABLE_MODULES = YES;
				CLANG_ENABLE_OBJC_ARC = YES;
				CLANG_ENABLE_OBJC_WEAK = YES;
				CLANG_WARN_BLOCK_CAPTURE_AUTORELEASING = YES;
				CLANG_WARN_BOOL_CONVERSION = YES;
				CLANG_WARN_COMMA = YES;
				CLANG_WARN_CONSTANT_CONVERSION = YES;
				CLANG_WARN_DEPRECATED_OBJC_IMPLEMENTATIONS = YES;
				CLANG_WARN_DIRECT_OBJC_ISA_USAGE = YES_ERROR;
				CLANG_WARN_DOCUMENTATION_COMMENTS = YES;
				CLANG_WARN_EMPTY_BODY = YES;
				CLANG_WARN_ENUM_CONVERSION = YES;
				CLANG_WARN_INFINITE_RECURSION = YES;
				CLANG_WARN_INT_CONVERSION = YES;
				CLANG_WARN_NON_LITERAL_NULL_CONVERSION = YES;
				CLANG_WARN_OBJC_IMPLICIT_RETAIN_SELF = YES;
				CLANG_WARN_OBJC_LITERAL_CONVERSION = YES;
				CLANG_WARN_OBJC_ROOT_CLASS = YES_ERROR;
				CLANG_WARN_RANGE_LOOP_ANALYSIS = YES;
				CLANG_WARN_STRICT_PROTOTYPES = YES;
				CLANG_WARN_SUSPICIOUS_MOVE = YES;
				CLANG_WARN_UNGUARDED_AVAILABILITY = YES_AGGRESSIVE;
				CLANG_WARN_UNREACHABLE_CODE = YES;
				CLANG_WARN__DUPLICATE_METHOD_MATCH = YES;
				CODE_SIGN_IDENTITY = "iPhone Developer";
				COPY_PHASE_STRIP = NO;
				DEBUG_INFORMATION_FORMAT = "dwarf-with-dsym";
				ENABLE_NS_ASSERTIONS = NO;
				ENABLE_STRICT_OBJC_MSGSEND = YES;
				GCC_C_LANGUAGE_STANDARD = gnu11;
				GCC_NO_COMMON_BLOCKS = YES;
				GCC_WARN_64_TO_32_BIT_CONVERSION = YES;
				GCC_WARN_ABOUT_RETURN_TYPE = YES_ERROR;
				GCC_WARN_UNDECLARED_SELECTOR = YES;
				GCC_WARN_UNINITIALIZED_AUTOS = YES_AGGRESSIVE;
				GCC_WARN_UNUSED_FUNCTION = YES;
				GCC_WARN_UNUSED_VARIABLE = YES;
				IPHONEOS_DEPLOYMENT_TARGET = 12.1;
				MTL_ENABLE_DEBUG_INFO = NO;
				MTL_FAST_MATH = YES;
				SDKROOT = iphoneos;
				SWIFT_COMPILATION_MODE = wholemodule;
				SWIFT_OPTIMIZATION_LEVEL = "-O";
				VALIDATE_PRODUCT = YES;
			};
			name = Release;
		};
		64F7505A21AF91A300CF2A9A /* Debug */ = {
			isa = XCBuildConfiguration;
			buildSettings = {
				ASSETCATALOG_COMPILER_APPICON_NAME = AppIcon;
				CODE_SIGN_STYLE = Automatic;
				DEVELOPMENT_TEAM = GXE4438K84;
				INFOPLIST_FILE = SpriteKit_PhysicsBounds/Info.plist;
				IPHONEOS_DEPLOYMENT_TARGET = 9.0;
				LD_RUNPATH_SEARCH_PATHS = (
					"$(inherited)",
					"@executable_path/Frameworks",
				);
				PRODUCT_BUNDLE_IDENTIFIER = "tw.idv.william.SpriteKit-PhysicsBounds";
				PRODUCT_NAME = "$(TARGET_NAME)";
				SWIFT_VERSION = 4.2;
				TARGETED_DEVICE_FAMILY = "1,2";
			};
			name = Debug;
		};
		64F7505B21AF91A300CF2A9A /* Release */ = {
			isa = XCBuildConfiguration;
			buildSettings = {
				ASSETCATALOG_COMPILER_APPICON_NAME = AppIcon;
				CODE_SIGN_STYLE = Automatic;
				DEVELOPMENT_TEAM = GXE4438K84;
				INFOPLIST_FILE = SpriteKit_PhysicsBounds/Info.plist;
				IPHONEOS_DEPLOYMENT_TARGET = 9.0;
				LD_RUNPATH_SEARCH_PATHS = (
					"$(inherited)",
					"@executable_path/Frameworks",
				);
				PRODUCT_BUNDLE_IDENTIFIER = "tw.idv.william.SpriteKit-PhysicsBounds";
				PRODUCT_NAME = "$(TARGET_NAME)";
				SWIFT_VERSION = 4.2;
				TARGETED_DEVICE_FAMILY = "1,2";
			};
			name = Release;
		};
/* End XCBuildConfiguration section */

/* Begin XCConfigurationList section */
		64F7503C21AF91A200CF2A9A /* Build configuration list for PBXProject "SpriteKit_PhysicsBounds" */ = {
			isa = XCConfigurationList;
			buildConfigurations = (
				64F7505721AF91A300CF2A9A /* Debug */,
				64F7505821AF91A300CF2A9A /* Release */,
			);
			defaultConfigurationIsVisible = 0;
			defaultConfigurationName = Release;
		};
		64F7505921AF91A300CF2A9A /* Build configuration list for PBXNativeTarget "SpriteKit_PhysicsBounds" */ = {
			isa = XCConfigurationList;
			buildConfigurations = (
				64F7505A21AF91A300CF2A9A /* Debug */,
				64F7505B21AF91A300CF2A9A /* Release */,
			);
			defaultConfigurationIsVisible = 0;
			defaultConfigurationName = Release;
		};
/* End XCConfigurationList section */
	};
	rootObject = 64F7503921AF91A200CF2A9A /* Project object */;
}
